PODS:
  - WatchKitColors (1.3.2)

DEPENDENCIES:
  - WatchKitColors (from `~/code/HJS/HJSKit/HJSUtils_Support/UIColor-WatchKitColors`)

EXTERNAL SOURCES:
  WatchKitColors:
    :path: ~/code/HJS/HJSKit/HJSUtils_Support/UIColor-WatchKitColors

SPEC CHECKSUMS:
  WatchKitColors: 59bbe545c76ff4e306406292d20eebc837d48b11

PODFILE CHECKSUM: d7de6b19667d1b4eb9b38bedbdeec1b6c9fc3746

COCOAPODS: 1.3.1
