// !$*UTF8*$!
{
	archiveVersion = 1;
	classes = {
	};
	objectVersion = 48;
	objects = {

/* Begin PBXBuildFile section */
		3BE75C781FFE0C7A009B3DC2 /* WatchKitColors.framework in Frameworks */ = {isa = PBXBuildFile; fileRef = 3BE75C731FFE0C4E009B3DC2 /* WatchKitColors.framework */; };
		3BF8D3671FFD7BAE005AB24E /* AppDelegate.swift in Sources */ = {isa = PBXBuildFile; fileRef = 3BF8D3661FFD7BAE005AB24E /* AppDelegate.swift */; };
		3BF8D3691FFD7BAE005AB24E /* ViewController.swift in Sources */ = {isa = PBXBuildFile; fileRef = 3BF8D3681FFD7BAE005AB24E /* ViewController.swift */; };
		3BF8D36C1FFD7BAE005AB24E /* Main.storyboard in Resources */ = {isa = PBXBuildFile; fileRef = 3BF8D36A1FFD7BAE005AB24E /* Main.storyboard */; };
		3BF8D36E1FFD7BAE005AB24E /* Assets.xcassets in Resources */ = {isa = PBXBuildFile; fileRef = 3BF8D36D1FFD7BAE005AB24E /* Assets.xcassets */; };
		3BF8D3711FFD7BAE005AB24E /* LaunchScreen.storyboard in Resources */ = {isa = PBXBuildFile; fileRef = 3BF8D36F1FFD7BAE005AB24E /* LaunchScreen.storyboard */; };
		3BF8D3761FFD7BAE005AB24E /* WatchKitColorsExample WatchKit App.app in Embed Watch Content */ = {isa = PBXBuildFile; fileRef = 3BF8D3751FFD7BAE005AB24E /* WatchKitColorsExample WatchKit App.app */; };
		3BF8D37C1FFD7BAE005AB24E /* Interface.storyboard in Resources */ = {isa = PBXBuildFile; fileRef = 3BF8D37A1FFD7BAE005AB24E /* Interface.storyboard */; };
		3BF8D37E1FFD7BAE005AB24E /* Assets.xcassets in Resources */ = {isa = PBXBuildFile; fileRef = 3BF8D37D1FFD7BAE005AB24E /* Assets.xcassets */; };
		3BF8D3851FFD7BAE005AB24E /* WatchKitColorsExample WatchKit Extension.appex in Embed App Extensions */ = {isa = PBXBuildFile; fileRef = 3BF8D3841FFD7BAE005AB24E /* WatchKitColorsExample WatchKit Extension.appex */; settings = {ATTRIBUTES = (RemoveHeadersOnCopy, ); }; };
		3BF8D38A1FFD7BAE005AB24E /* InterfaceController.swift in Sources */ = {isa = PBXBuildFile; fileRef = 3BF8D3891FFD7BAE005AB24E /* InterfaceController.swift */; };
		3BF8D38C1FFD7BAE005AB24E /* ExtensionDelegate.swift in Sources */ = {isa = PBXBuildFile; fileRef = 3BF8D38B1FFD7BAE005AB24E /* ExtensionDelegate.swift */; };
		3BF8D38E1FFD7BAE005AB24E /* Assets.xcassets in Resources */ = {isa = PBXBuildFile; fileRef = 3BF8D38D1FFD7BAE005AB24E /* Assets.xcassets */; };
/* End PBXBuildFile section */

/* Begin PBXContainerItemProxy section */
		3BE75C721FFE0C4E009B3DC2 /* PBXContainerItemProxy */ = {
			isa = PBXContainerItemProxy;
			containerPortal = 3BE75C6E1FFE0C4E009B3DC2 /* WatchKitColors.xcodeproj */;
			proxyType = 2;
			remoteGlobalIDString = 3B1CC13E1FFE0565004C53B4;
			remoteInfo = WatchKitColors;
		};
		3BE75C751FFE0C74009B3DC2 /* PBXContainerItemProxy */ = {
			isa = PBXContainerItemProxy;
			containerPortal = 3BE75C6E1FFE0C4E009B3DC2 /* WatchKitColors.xcodeproj */;
			proxyType = 1;
			remoteGlobalIDString = 3B1CC13D1FFE0565004C53B4;
			remoteInfo = WatchKitColors;
		};
		3BF8D3771FFD7BAE005AB24E /* PBXContainerItemProxy */ = {
			isa = PBXContainerItemProxy;
			containerPortal = 3BF8D35B1FFD7BAD005AB24E /* Project object */;
			proxyType = 1;
			remoteGlobalIDString = 3BF8D3741FFD7BAE005AB24E;
			remoteInfo = "WatchKitColorsExample WatchKit App";
		};
		3BF8D3861FFD7BAE005AB24E /* PBXContainerItemProxy */ = {
			isa = PBXContainerItemProxy;
			containerPortal = 3BF8D35B1FFD7BAD005AB24E /* Project object */;
			proxyType = 1;
			remoteGlobalIDString = 3BF8D3831FFD7BAE005AB24E;
			remoteInfo = "WatchKitColorsExample WatchKit Extension";
		};
/* End PBXContainerItemProxy section */

/* Begin PBXCopyFilesBuildPhase section */
		3BF8D3951FFD7BAE005AB24E /* Embed App Extensions */ = {
			isa = PBXCopyFilesBuildPhase;
			buildActionMask = 2147483647;
			dstPath = "";
			dstSubfolderSpec = 13;
			files = (
				3BF8D3851FFD7BAE005AB24E /* WatchKitColorsExample WatchKit Extension.appex in Embed App Extensions */,
			);
			name = "Embed App Extensions";
			runOnlyForDeploymentPostprocessing = 0;
		};
		3BF8D3991FFD7BAE005AB24E /* Embed Watch Content */ = {
			isa = PBXCopyFilesBuildPhase;
			buildActionMask = 2147483647;
			dstPath = "$(CONTENTS_FOLDER_PATH)/Watch";
			dstSubfolderSpec = 16;
			files = (
				3BF8D3761FFD7BAE005AB24E /* WatchKitColorsExample WatchKit App.app in Embed Watch Content */,
			);
			name = "Embed Watch Content";
			runOnlyForDeploymentPostprocessing = 0;
		};
/* End PBXCopyFilesBuildPhase section */

/* Begin PBXFileReference section */
		3BE75C6E1FFE0C4E009B3DC2 /* WatchKitColors.xcodeproj */ = {isa = PBXFileReference; lastKnownFileType = "wrapper.pb-project"; name = WatchKitColors.xcodeproj; path = ../WatchKitColors.xcodeproj; sourceTree = "<group>"; };
		3BF8D3631FFD7BAD005AB24E /* WatchKitColorsExample.app */ = {isa = PBXFileReference; explicitFileType = wrapper.application; includeInIndex = 0; path = WatchKitColorsExample.app; sourceTree = BUILT_PRODUCTS_DIR; };
		3BF8D3661FFD7BAE005AB24E /* AppDelegate.swift */ = {isa = PBXFileReference; lastKnownFileType = sourcecode.swift; path = AppDelegate.swift; sourceTree = "<group>"; };
		3BF8D3681FFD7BAE005AB24E /* ViewController.swift */ = {isa = PBXFileReference; lastKnownFileType = sourcecode.swift; path = ViewController.swift; sourceTree = "<group>"; };
		3BF8D36B1FFD7BAE005AB24E /* Base */ = {isa = PBXFileReference; lastKnownFileType = file.storyboard; name = Base; path = Base.lproj/Main.storyboard; sourceTree = "<group>"; };
		3BF8D36D1FFD7BAE005AB24E /* Assets.xcassets */ = {isa = PBXFileReference; lastKnownFileType = folder.assetcatalog; path = Assets.xcassets; sourceTree = "<group>"; };
		3BF8D3701FFD7BAE005AB24E /* Base */ = {isa = PBXFileReference; lastKnownFileType = file.storyboard; name = Base; path = Base.lproj/LaunchScreen.storyboard; sourceTree = "<group>"; };
		3BF8D3721FFD7BAE005AB24E /* Info.plist */ = {isa = PBXFileReference; lastKnownFileType = text.plist.xml; path = Info.plist; sourceTree = "<group>"; };
		3BF8D3751FFD7BAE005AB24E /* WatchKitColorsExample WatchKit App.app */ = {isa = PBXFileReference; explicitFileType = wrapper.application; includeInIndex = 0; path = "WatchKitColorsExample WatchKit App.app"; sourceTree = BUILT_PRODUCTS_DIR; };
		3BF8D37B1FFD7BAE005AB24E /* Base */ = {isa = PBXFileReference; lastKnownFileType = file.storyboard; name = Base; path = Base.lproj/Interface.storyboard; sourceTree = "<group>"; };
		3BF8D37D1FFD7BAE005AB24E /* Assets.xcassets */ = {isa = PBXFileReference; lastKnownFileType = folder.assetcatalog; path = Assets.xcassets; sourceTree = "<group>"; };
		3BF8D37F1FFD7BAE005AB24E /* Info.plist */ = {isa = PBXFileReference; lastKnownFileType = text.plist.xml; path = Info.plist; sourceTree = "<group>"; };
		3BF8D3841FFD7BAE005AB24E /* WatchKitColorsExample WatchKit Extension.appex */ = {isa = PBXFileReference; explicitFileType = "wrapper.app-extension"; includeInIndex = 0; path = "WatchKitColorsExample WatchKit Extension.appex"; sourceTree = BUILT_PRODUCTS_DIR; };
		3BF8D3891FFD7BAE005AB24E /* InterfaceController.swift */ = {isa = PBXFileReference; lastKnownFileType = sourcecode.swift; path = InterfaceController.swift; sourceTree = "<group>"; };
		3BF8D38B1FFD7BAE005AB24E /* ExtensionDelegate.swift */ = {isa = PBXFileReference; lastKnownFileType = sourcecode.swift; path = ExtensionDelegate.swift; sourceTree = "<group>"; };
		3BF8D38D1FFD7BAE005AB24E /* Assets.xcassets */ = {isa = PBXFileReference; lastKnownFileType = folder.assetcatalog; path = Assets.xcassets; sourceTree = "<group>"; };
		3BF8D38F1FFD7BAE005AB24E /* Info.plist */ = {isa = PBXFileReference; lastKnownFileType = text.plist.xml; path = Info.plist; sourceTree = "<group>"; };
/* End PBXFileReference section */

/* Begin PBXFrameworksBuildPhase section */
		3BF8D3601FFD7BAD005AB24E /* Frameworks */ = {
			isa = PBXFrameworksBuildPhase;
			buildActionMask = 2147483647;
			files = (
			);
			runOnlyForDeploymentPostprocessing = 0;
		};
		3BF8D3811FFD7BAE005AB24E /* Frameworks */ = {
			isa = PBXFrameworksBuildPhase;
			buildActionMask = 2147483647;
			files = (
				3BE75C781FFE0C7A009B3DC2 /* WatchKitColors.framework in Frameworks */,
			);
			runOnlyForDeploymentPostprocessing = 0;
		};
		B82BC97A7B5120075C84EE8B /* Frameworks */ = {
			isa = PBXFrameworksBuildPhase;
			buildActionMask = 2147483647;
			files = (
			);
			runOnlyForDeploymentPostprocessing = 0;
		};
/* End PBXFrameworksBuildPhase section */

/* Begin PBXGroup section */
		3BE75C6F1FFE0C4E009B3DC2 /* Products */ = {
			isa = PBXGroup;
			children = (
				3BE75C731FFE0C4E009B3DC2 /* WatchKitColors.framework */,
			);
			name = Products;
			sourceTree = "<group>";
		};
		3BF8D35A1FFD7BAD005AB24E = {
			isa = PBXGroup;
			children = (
				3BE75C6E1FFE0C4E009B3DC2 /* WatchKitColors.xcodeproj */,
				3BF8D3651FFD7BAD005AB24E /* WatchKitColorsExample */,
				3BF8D3791FFD7BAE005AB24E /* WatchKitColorsExample WatchKit App */,
				3BF8D3881FFD7BAE005AB24E /* WatchKitColorsExample WatchKit Extension */,
				3BF8D3641FFD7BAD005AB24E /* Products */,
				4B59EB96B390F234417CF114 /* Frameworks */,
			);
			sourceTree = "<group>";
		};
		3BF8D3641FFD7BAD005AB24E /* Products */ = {
			isa = PBXGroup;
			children = (
				3BF8D3631FFD7BAD005AB24E /* WatchKitColorsExample.app */,
				3BF8D3751FFD7BAE005AB24E /* WatchKitColorsExample WatchKit App.app */,
				3BF8D3841FFD7BAE005AB24E /* WatchKitColorsExample WatchKit Extension.appex */,
			);
			name = Products;
			sourceTree = "<group>";
		};
		3BF8D3651FFD7BAD005AB24E /* WatchKitColorsExample */ = {
			isa = PBXGroup;
			children = (
				3BF8D3661FFD7BAE005AB24E /* AppDelegate.swift */,
				3BF8D3681FFD7BAE005AB24E /* ViewController.swift */,
				3BF8D36A1FFD7BAE005AB24E /* Main.storyboard */,
				3BF8D36D1FFD7BAE005AB24E /* Assets.xcassets */,
				3BF8D36F1FFD7BAE005AB24E /* LaunchScreen.storyboard */,
				3BF8D3721FFD7BAE005AB24E /* Info.plist */,
			);
			path = WatchKitColorsExample;
			sourceTree = "<group>";
		};
		3BF8D3791FFD7BAE005AB24E /* WatchKitColorsExample WatchKit App */ = {
			isa = PBXGroup;
			children = (
				3BF8D37A1FFD7BAE005AB24E /* Interface.storyboard */,
				3BF8D37D1FFD7BAE005AB24E /* Assets.xcassets */,
				3BF8D37F1FFD7BAE005AB24E /* Info.plist */,
			);
			path = "WatchKitColorsExample WatchKit App";
			sourceTree = "<group>";
		};
		3BF8D3881FFD7BAE005AB24E /* WatchKitColorsExample WatchKit Extension */ = {
			isa = PBXGroup;
			children = (
				3BF8D3891FFD7BAE005AB24E /* InterfaceController.swift */,
				3BF8D38B1FFD7BAE005AB24E /* ExtensionDelegate.swift */,
				3BF8D38D1FFD7BAE005AB24E /* Assets.xcassets */,
				3BF8D38F1FFD7BAE005AB24E /* Info.plist */,
			);
			path = "WatchKitColorsExample WatchKit Extension";
			sourceTree = "<group>";
		};
		4B59EB96B390F234417CF114 /* Frameworks */ = {
			isa = PBXGroup;
			children = (
			);
			name = Frameworks;
			sourceTree = "<group>";
		};
/* End PBXGroup section */

/* Begin PBXNativeTarget section */
		3BF8D3621FFD7BAD005AB24E /* WatchKitColorsExample */ = {
			isa = PBXNativeTarget;
			buildConfigurationList = 3BF8D39A1FFD7BAE005AB24E /* Build configuration list for PBXNativeTarget "WatchKitColorsExample" */;
			buildPhases = (
				3BF8D35F1FFD7BAD005AB24E /* Sources */,
				3BF8D3601FFD7BAD005AB24E /* Frameworks */,
				3BF8D3611FFD7BAD005AB24E /* Resources */,
				3BF8D3991FFD7BAE005AB24E /* Embed Watch Content */,
			);
			buildRules = (
			);
			dependencies = (
				3BF8D3781FFD7BAE005AB24E /* PBXTargetDependency */,
			);
			name = WatchKitColorsExample;
			productName = WatchKitColorsExample;
			productReference = 3BF8D3631FFD7BAD005AB24E /* WatchKitColorsExample.app */;
			productType = "com.apple.product-type.application";
		};
		3BF8D3741FFD7BAE005AB24E /* WatchKitColorsExample WatchKit App */ = {
			isa = PBXNativeTarget;
			buildConfigurationList = 3BF8D3961FFD7BAE005AB24E /* Build configuration list for PBXNativeTarget "WatchKitColorsExample WatchKit App" */;
			buildPhases = (
				3BF8D3731FFD7BAE005AB24E /* Resources */,
				3BF8D3951FFD7BAE005AB24E /* Embed App Extensions */,
				B82BC97A7B5120075C84EE8B /* Frameworks */,
			);
			buildRules = (
			);
			dependencies = (
				3BF8D3871FFD7BAE005AB24E /* PBXTargetDependency */,
			);
			name = "WatchKitColorsExample WatchKit App";
			productName = "WatchKitColorsExample WatchKit App";
			productReference = 3BF8D3751FFD7BAE005AB24E /* WatchKitColorsExample WatchKit App.app */;
			productType = "com.apple.product-type.application.watchapp2";
		};
		3BF8D3831FFD7BAE005AB24E /* WatchKitColorsExample WatchKit Extension */ = {
			isa = PBXNativeTarget;
			buildConfigurationList = 3BF8D3921FFD7BAE005AB24E /* Build configuration list for PBXNativeTarget "WatchKitColorsExample WatchKit Extension" */;
			buildPhases = (
				3BF8D3801FFD7BAE005AB24E /* Sources */,
				3BF8D3811FFD7BAE005AB24E /* Frameworks */,
				3BF8D3821FFD7BAE005AB24E /* Resources */,
			);
			buildRules = (
			);
			dependencies = (
				3BE75C761FFE0C74009B3DC2 /* PBXTargetDependency */,
			);
			name = "WatchKitColorsExample WatchKit Extension";
			productName = "WatchKitColorsExample WatchKit Extension";
			productReference = 3BF8D3841FFD7BAE005AB24E /* WatchKitColorsExample WatchKit Extension.appex */;
			productType = "com.apple.product-type.watchkit2-extension";
		};
/* End PBXNativeTarget section */

/* Begin PBXProject section */
		3BF8D35B1FFD7BAD005AB24E /* Project object */ = {
			isa = PBXProject;
			attributes = {
				LastSwiftUpdateCheck = 0920;
				LastUpgradeCheck = 0920;
				ORGANIZATIONNAME = "HiddenJester Software";
				TargetAttributes = {
					3BF8D3621FFD7BAD005AB24E = {
						CreatedOnToolsVersion = 9.2;
						ProvisioningStyle = Automatic;
					};
					3BF8D3741FFD7BAE005AB24E = {
						CreatedOnToolsVersion = 9.2;
						ProvisioningStyle = Automatic;
					};
					3BF8D3831FFD7BAE005AB24E = {
						CreatedOnToolsVersion = 9.2;
						ProvisioningStyle = Automatic;
					};
				};
			};
			buildConfigurationList = 3BF8D35E1FFD7BAD005AB24E /* Build configuration list for PBXProject "WatchKitColorsExample" */;
			compatibilityVersion = "Xcode 8.0";
			developmentRegion = en;
			hasScannedForEncodings = 0;
			knownRegions = (
				en,
				Base,
			);
			mainGroup = 3BF8D35A1FFD7BAD005AB24E;
			productRefGroup = 3BF8D3641FFD7BAD005AB24E /* Products */;
			projectDirPath = "";
			projectReferences = (
				{
					ProductGroup = 3BE75C6F1FFE0C4E009B3DC2 /* Products */;
					ProjectRef = 3BE75C6E1FFE0C4E009B3DC2 /* WatchKitColors.xcodeproj */;
				},
			);
			projectRoot = "";
			targets = (
				3BF8D3621FFD7BAD005AB24E /* WatchKitColorsExample */,
				3BF8D3741FFD7BAE005AB24E /* WatchKitColorsExample WatchKit App */,
				3BF8D3831FFD7BAE005AB24E /* WatchKitColorsExample WatchKit Extension */,
			);
		};
/* End PBXProject section */

/* Begin PBXReferenceProxy section */
		3BE75C731FFE0C4E009B3DC2 /* WatchKitColors.framework */ = {
			isa = PBXReferenceProxy;
			fileType = wrapper.framework;
			path = WatchKitColors.framework;
			remoteRef = 3BE75C721FFE0C4E009B3DC2 /* PBXContainerItemProxy */;
			sourceTree = BUILT_PRODUCTS_DIR;
		};
/* End PBXReferenceProxy section */

/* Begin PBXResourcesBuildPhase section */
		3BF8D3611FFD7BAD005AB24E /* Resources */ = {
			isa = PBXResourcesBuildPhase;
			buildActionMask = 2147483647;
			files = (
				3BF8D3711FFD7BAE005AB24E /* LaunchScreen.storyboard in Resources */,
				3BF8D36E1FFD7BAE005AB24E /* Assets.xcassets in Resources */,
				3BF8D36C1FFD7BAE005AB24E /* Main.storyboard in Resources */,
			);
			runOnlyForDeploymentPostprocessing = 0;
		};
		3BF8D3731FFD7BAE005AB24E /* Resources */ = {
			isa = PBXResourcesBuildPhase;
			buildActionMask = 2147483647;
			files = (
				3BF8D37E1FFD7BAE005AB24E /* Assets.xcassets in Resources */,
				3BF8D37C1FFD7BAE005AB24E /* Interface.storyboard in Resources */,
			);
			runOnlyForDeploymentPostprocessing = 0;
		};
		3BF8D3821FFD7BAE005AB24E /* Resources */ = {
			isa = PBXResourcesBuildPhase;
			buildActionMask = 2147483647;
			files = (
				3BF8D38E1FFD7BAE005AB24E /* Assets.xcassets in Resources */,
			);
			runOnlyForDeploymentPostprocessing = 0;
		};
/* End PBXResourcesBuildPhase section */

/* Begin PBXSourcesBuildPhase section */
		3BF8D35F1FFD7BAD005AB24E /* Sources */ = {
			isa = PBXSourcesBuildPhase;
			buildActionMask = 2147483647;
			files = (
				3BF8D3691FFD7BAE005AB24E /* ViewController.swift in Sources */,
				3BF8D3671FFD7BAE005AB24E /* AppDelegate.swift in Sources */,
			);
			runOnlyForDeploymentPostprocessing = 0;
		};
		3BF8D3801FFD7BAE005AB24E /* Sources */ = {
			isa = PBXSourcesBuildPhase;
			buildActionMask = 2147483647;
			files = (
				3BF8D38C1FFD7BAE005AB24E /* ExtensionDelegate.swift in Sources */,
				3BF8D38A1FFD7BAE005AB24E /* InterfaceController.swift in Sources */,
			);
			runOnlyForDeploymentPostprocessing = 0;
		};
/* End PBXSourcesBuildPhase section */

/* Begin PBXTargetDependency section */
		3BE75C761FFE0C74009B3DC2 /* PBXTargetDependency */ = {
			isa = PBXTargetDependency;
			name = WatchKitColors;
			targetProxy = 3BE75C751FFE0C74009B3DC2 /* PBXContainerItemProxy */;
		};
		3BF8D3781FFD7BAE005AB24E /* PBXTargetDependency */ = {
			isa = PBXTargetDependency;
			target = 3BF8D3741FFD7BAE005AB24E /* WatchKitColorsExample WatchKit App */;
			targetProxy = 3BF8D3771FFD7BAE005AB24E /* PBXContainerItemProxy */;
		};
		3BF8D3871FFD7BAE005AB24E /* PBXTargetDependency */ = {
			isa = PBXTargetDependency;
			target = 3BF8D3831FFD7BAE005AB24E /* WatchKitColorsExample WatchKit Extension */;
			targetProxy = 3BF8D3861FFD7BAE005AB24E /* PBXContainerItemProxy */;
		};
/* End PBXTargetDependency section */

/* Begin PBXVariantGroup section */
		3BF8D36A1FFD7BAE005AB24E /* Main.storyboard */ = {
			isa = PBXVariantGroup;
			children = (
				3BF8D36B1FFD7BAE005AB24E /* Base */,
			);
			name = Main.storyboard;
			sourceTree = "<group>";
		};
		3BF8D36F1FFD7BAE005AB24E /* LaunchScreen.storyboard */ = {
			isa = PBXVariantGroup;
			children = (
				3BF8D3701FFD7BAE005AB24E /* Base */,
			);
			name = LaunchScreen.storyboard;
			sourceTree = "<group>";
		};
		3BF8D37A1FFD7BAE005AB24E /* Interface.storyboard */ = {
			isa = PBXVariantGroup;
			children = (
				3BF8D37B1FFD7BAE005AB24E /* Base */,
			);
			name = Interface.storyboard;
			sourceTree = "<group>";
		};
/* End PBXVariantGroup section */

/* Begin XCBuildConfiguration section */
		3BF8D3901FFD7BAE005AB24E /* Debug */ = {
			isa = XCBuildConfiguration;
			buildSettings = {
				ALWAYS_SEARCH_USER_PATHS = NO;
				CLANG_ANALYZER_NONNULL = YES;
				CLANG_ANALYZER_NUMBER_OBJECT_CONVERSION = YES_AGGRESSIVE;
				CLANG_CXX_LANGUAGE_STANDARD = "gnu++14";
				CLANG_CXX_LIBRARY = "libc++";
				CLANG_ENABLE_MODULES = YES;
				CLANG_ENABLE_OBJC_ARC = YES;
				CLANG_WARN_BLOCK_CAPTURE_AUTORELEASING = YES;
				CLANG_WARN_BOOL_CONVERSION = YES;
				CLANG_WARN_COMMA = YES;
				CLANG_WARN_CONSTANT_CONVERSION = YES;
				CLANG_WARN_DIRECT_OBJC_ISA_USAGE = YES_ERROR;
				CLANG_WARN_DOCUMENTATION_COMMENTS = YES;
				CLANG_WARN_EMPTY_BODY = YES;
				CLANG_WARN_ENUM_CONVERSION = YES;
				CLANG_WARN_INFINITE_RECURSION = YES;
				CLANG_WARN_INT_CONVERSION = YES;
				CLANG_WARN_NON_LITERAL_NULL_CONVERSION = YES;
				CLANG_WARN_OBJC_LITERAL_CONVERSION = YES;
				CLANG_WARN_OBJC_ROOT_CLASS = YES_ERROR;
				CLANG_WARN_RANGE_LOOP_ANALYSIS = YES;
				CLANG_WARN_STRICT_PROTOTYPES = YES;
				CLANG_WARN_SUSPICIOUS_MOVE = YES;
				CLANG_WARN_UNGUARDED_AVAILABILITY = YES_AGGRESSIVE;
				CLANG_WARN_UNREACHABLE_CODE = YES;
				CLANG_WARN__DUPLICATE_METHOD_MATCH = YES;
				CODE_SIGN_IDENTITY = "iPhone Developer";
				COPY_PHASE_STRIP = NO;
				DEBUG_INFORMATION_FORMAT = dwarf;
				ENABLE_STRICT_OBJC_MSGSEND = YES;
				ENABLE_TESTABILITY = YES;
				GCC_C_LANGUAGE_STANDARD = gnu11;
				GCC_DYNAMIC_NO_PIC = NO;
				GCC_NO_COMMON_BLOCKS = YES;
				GCC_OPTIMIZATION_LEVEL = 0;
				GCC_PREPROCESSOR_DEFINITIONS = (
					"DEBUG=1",
					"$(inherited)",
				);
				GCC_WARN_64_TO_32_BIT_CONVERSION = YES;
				GCC_WARN_ABOUT_RETURN_TYPE = YES_ERROR;
				GCC_WARN_UNDECLARED_SELECTOR = YES;
				GCC_WARN_UNINITIALIZED_AUTOS = YES_AGGRESSIVE;
				GCC_WARN_UNUSED_FUNCTION = YES;
				GCC_WARN_UNUSED_VARIABLE = YES;
				IPHONEOS_DEPLOYMENT_TARGET = 9.0;
				MTL_ENABLE_DEBUG_INFO = YES;
				ONLY_ACTIVE_ARCH = YES;
				SDKROOT = iphoneos;
				SWIFT_ACTIVE_COMPILATION_CONDITIONS = DEBUG;
				SWIFT_OPTIMIZATION_LEVEL = "-Onone";
			};
			name = Debug;
		};
		3BF8D3911FFD7BAE005AB24E /* Release */ = {
			isa = XCBuildConfiguration;
			buildSettings = {
				ALWAYS_SEARCH_USER_PATHS = NO;
				CLANG_ANALYZER_NONNULL = YES;
				CLANG_ANALYZER_NUMBER_OBJECT_CONVERSION = YES_AGGRESSIVE;
				CLANG_CXX_LANGUAGE_STANDARD = "gnu++14";
				CLANG_CXX_LIBRARY = "libc++";
				CLANG_ENABLE_MODULES = YES;
				CLANG_ENABLE_OBJC_ARC = YES;
				CLANG_WARN_BLOCK_CAPTURE_AUTORELEASING = YES;
				CLANG_WARN_BOOL_CONVERSION = YES;
				CLANG_WARN_COMMA = YES;
				CLANG_WARN_CONSTANT_CONVERSION = YES;
				CLANG_WARN_DIRECT_OBJC_ISA_USAGE = YES_ERROR;
				CLANG_WARN_DOCUMENTATION_COMMENTS = YES;
				CLANG_WARN_EMPTY_BODY = YES;
				CLANG_WARN_ENUM_CONVERSION = YES;
				CLANG_WARN_INFINITE_RECURSION = YES;
				CLANG_WARN_INT_CONVERSION = YES;
				CLANG_WARN_NON_LITERAL_NULL_CONVERSION = YES;
				CLANG_WARN_OBJC_LITERAL_CONVERSION = YES;
				CLANG_WARN_OBJC_ROOT_CLASS = YES_ERROR;
				CLANG_WARN_RANGE_LOOP_ANALYSIS = YES;
				CLANG_WARN_STRICT_PROTOTYPES = YES;
				CLANG_WARN_SUSPICIOUS_MOVE = YES;
				CLANG_WARN_UNGUARDED_AVAILABILITY = YES_AGGRESSIVE;
				CLANG_WARN_UNREACHABLE_CODE = YES;
				CLANG_WARN__DUPLICATE_METHOD_MATCH = YES;
				CODE_SIGN_IDENTITY = "iPhone Developer";
				COPY_PHASE_STRIP = NO;
				DEBUG_INFORMATION_FORMAT = "dwarf-with-dsym";
				ENABLE_NS_ASSERTIONS = NO;
				ENABLE_STRICT_OBJC_MSGSEND = YES;
				GCC_C_LANGUAGE_STANDARD = gnu11;
				GCC_NO_COMMON_BLOCKS = YES;
				GCC_WARN_64_TO_32_BIT_CONVERSION = YES;
				GCC_WARN_ABOUT_RETURN_TYPE = YES_ERROR;
				GCC_WARN_UNDECLARED_SELECTOR = YES;
				GCC_WARN_UNINITIALIZED_AUTOS = YES_AGGRESSIVE;
				GCC_WARN_UNUSED_FUNCTION = YES;
				GCC_WARN_UNUSED_VARIABLE = YES;
				IPHONEOS_DEPLOYMENT_TARGET = 9.0;
				MTL_ENABLE_DEBUG_INFO = NO;
				SDKROOT = iphoneos;
				SWIFT_OPTIMIZATION_LEVEL = "-Owholemodule";
				VALIDATE_PRODUCT = YES;
			};
			name = Release;
		};
		3BF8D3931FFD7BAE005AB24E /* Debug */ = {
			isa = XCBuildConfiguration;
			buildSettings = {
				ASSETCATALOG_COMPILER_COMPLICATION_NAME = Complication;
				CODE_SIGN_STYLE = Automatic;
				DEVELOPMENT_TEAM = 6LMYPJV5KV;
				INFOPLIST_FILE = "WatchKitColorsExample WatchKit Extension/Info.plist";
				LD_RUNPATH_SEARCH_PATHS = "$(inherited) @executable_path/Frameworks @executable_path/../../Frameworks";
				PRODUCT_BUNDLE_IDENTIFIER = com.hiddenjester.WatchKitColorsExample.watchkitapp.watchkitextension;
				PRODUCT_NAME = "${TARGET_NAME}";
				SDKROOT = watchos;
				SKIP_INSTALL = YES;
				SWIFT_VERSION = 4.0;
				TARGETED_DEVICE_FAMILY = 4;
				WATCHOS_DEPLOYMENT_TARGET = 3.0;
			};
			name = Debug;
		};
		3BF8D3941FFD7BAE005AB24E /* Release */ = {
			isa = XCBuildConfiguration;
			buildSettings = {
				ASSETCATALOG_COMPILER_COMPLICATION_NAME = Complication;
				CODE_SIGN_STYLE = Automatic;
				DEVELOPMENT_TEAM = 6LMYPJV5KV;
				INFOPLIST_FILE = "WatchKitColorsExample WatchKit Extension/Info.plist";
				LD_RUNPATH_SEARCH_PATHS = "$(inherited) @executable_path/Frameworks @executable_path/../../Frameworks";
				PRODUCT_BUNDLE_IDENTIFIER = com.hiddenjester.WatchKitColorsExample.watchkitapp.watchkitextension;
				PRODUCT_NAME = "${TARGET_NAME}";
				SDKROOT = watchos;
				SKIP_INSTALL = YES;
				SWIFT_VERSION = 4.0;
				TARGETED_DEVICE_FAMILY = 4;
				WATCHOS_DEPLOYMENT_TARGET = 3.0;
			};
			name = Release;
		};
		3BF8D3971FFD7BAE005AB24E /* Debug */ = {
			isa = XCBuildConfiguration;
			buildSettings = {
				ALWAYS_EMBED_SWIFT_STANDARD_LIBRARIES = YES;
				ASSETCATALOG_COMPILER_APPICON_NAME = AppIcon;
				CODE_SIGN_STYLE = Automatic;
				DEVELOPMENT_TEAM = 6LMYPJV5KV;
				IBSC_MODULE = WatchKitColorsExample_WatchKit_Extension;
				INFOPLIST_FILE = "WatchKitColorsExample WatchKit App/Info.plist";
				PRODUCT_BUNDLE_IDENTIFIER = com.hiddenjester.WatchKitColorsExample.watchkitapp;
				PRODUCT_NAME = "$(TARGET_NAME)";
				SDKROOT = watchos;
				SKIP_INSTALL = YES;
				SWIFT_VERSION = 4.0;
				TARGETED_DEVICE_FAMILY = 4;
				WATCHOS_DEPLOYMENT_TARGET = 3.0;
			};
			name = Debug;
		};
		3BF8D3981FFD7BAE005AB24E /* Release */ = {
			isa = XCBuildConfiguration;
			buildSettings = {
				ALWAYS_EMBED_SWIFT_STANDARD_LIBRARIES = YES;
				ASSETCATALOG_COMPILER_APPICON_NAME = AppIcon;
				CODE_SIGN_STYLE = Automatic;
				DEVELOPMENT_TEAM = 6LMYPJV5KV;
				IBSC_MODULE = WatchKitColorsExample_WatchKit_Extension;
				INFOPLIST_FILE = "WatchKitColorsExample WatchKit App/Info.plist";
				PRODUCT_BUNDLE_IDENTIFIER = com.hiddenjester.WatchKitColorsExample.watchkitapp;
				PRODUCT_NAME = "$(TARGET_NAME)";
				SDKROOT = watchos;
				SKIP_INSTALL = YES;
				SWIFT_VERSION = 4.0;
				TARGETED_DEVICE_FAMILY = 4;
				WATCHOS_DEPLOYMENT_TARGET = 3.0;
			};
			name = Release;
		};
		3BF8D39B1FFD7BAE005AB24E /* Debug */ = {
			isa = XCBuildConfiguration;
			buildSettings = {
				ASSETCATALOG_COMPILER_APPICON_NAME = AppIcon;
				CODE_SIGN_STYLE = Automatic;
				DEVELOPMENT_TEAM = 6LMYPJV5KV;
				INFOPLIST_FILE = WatchKitColorsExample/Info.plist;
				IPHONEOS_DEPLOYMENT_TARGET = 9.0;
				LD_RUNPATH_SEARCH_PATHS = "$(inherited) @executable_path/Frameworks";
				PRODUCT_BUNDLE_IDENTIFIER = com.hiddenjester.WatchKitColorsExample;
				PRODUCT_NAME = "$(TARGET_NAME)";
				SWIFT_VERSION = 4.0;
				TARGETED_DEVICE_FAMILY = "1,2";
			};
			name = Debug;
		};
		3BF8D39C1FFD7BAE005AB24E /* Release */ = {
			isa = XCBuildConfiguration;
			buildSettings = {
				ASSETCATALOG_COMPILER_APPICON_NAME = AppIcon;
				CODE_SIGN_STYLE = Automatic;
				DEVELOPMENT_TEAM = 6LMYPJV5KV;
				INFOPLIST_FILE = WatchKitColorsExample/Info.plist;
				IPHONEOS_DEPLOYMENT_TARGET = 9.0;
				LD_RUNPATH_SEARCH_PATHS = "$(inherited) @executable_path/Frameworks";
				PRODUCT_BUNDLE_IDENTIFIER = com.hiddenjester.WatchKitColorsExample;
				PRODUCT_NAME = "$(TARGET_NAME)";
				SWIFT_VERSION = 4.0;
				TARGETED_DEVICE_FAMILY = "1,2";
			};
			name = Release;
		};
/* End XCBuildConfiguration section */

/* Begin XCConfigurationList section */
		3BF8D35E1FFD7BAD005AB24E /* Build configuration list for PBXProject "WatchKitColorsExample" */ = {
			isa = XCConfigurationList;
			buildConfigurations = (
				3BF8D3901FFD7BAE005AB24E /* Debug */,
				3BF8D3911FFD7BAE005AB24E /* Release */,
			);
			defaultConfigurationIsVisible = 0;
			defaultConfigurationName = Release;
		};
		3BF8D3921FFD7BAE005AB24E /* Build configuration list for PBXNativeTarget "WatchKitColorsExample WatchKit Extension" */ = {
			isa = XCConfigurationList;
			buildConfigurations = (
				3BF8D3931FFD7BAE005AB24E /* Debug */,
				3BF8D3941FFD7BAE005AB24E /* Release */,
			);
			defaultConfigurationIsVisible = 0;
			defaultConfigurationName = Release;
		};
		3BF8D3961FFD7BAE005AB24E /* Build configuration list for PBXNativeTarget "WatchKitColorsExample WatchKit App" */ = {
			isa = XCConfigurationList;
			buildConfigurations = (
				3BF8D3971FFD7BAE005AB24E /* Debug */,
				3BF8D3981FFD7BAE005AB24E /* Release */,
			);
			defaultConfigurationIsVisible = 0;
			defaultConfigurationName = Release;
		};
		3BF8D39A1FFD7BAE005AB24E /* Build configuration list for PBXNativeTarget "WatchKitColorsExample" */ = {
			isa = XCConfigurationList;
			buildConfigurations = (
				3BF8D39B1FFD7BAE005AB24E /* Debug */,
				3BF8D39C1FFD7BAE005AB24E /* Release */,
			);
			defaultConfigurationIsVisible = 0;
			defaultConfigurationName = Release;
		};
/* End XCConfigurationList section */
	};
	rootObject = 3BF8D35B1FFD7BAD005AB24E /* Project object */;
}
